
Microsoft Visual Studio Solution File, Format Version 12.00
# Visual Studio 15
VisualStudioVersion = 15.0.28010.2036
MinimumVisualStudioVersion = 10.0.40219.1
Project("{FAE04EC0-301F-11D3-BF4B-00C04F79EFBC}") = "Deck", "Deck\Deck.csproj", "{D0D282F0-6E27-4C0C-AE87-986222D33BD8}"
EndProject
Project("{FAE04EC0-301F-11D3-BF4B-00C04F79EFBC}") = "DeckTester", "DeckTester\DeckTester.csproj", "{98BBC26B-D3BE-4849-B089-262B563B3ECB}"
EndProject
Global
	GlobalSection(SolutionConfigurationPlatforms) = preSolution
		Debug|Any CPU = Debug|Any CPU
		Release|Any CPU = Release|Any CPU
	EndGlobalSection
	GlobalSection(ProjectConfigurationPlatforms) = postSolution
		{D0D282F0-6E27-4C0C-AE87-986222D33BD8}.Debug|Any CPU.ActiveCfg = Debug|Any CPU
		{D0D282F0-6E27-4C0C-AE87-986222D33BD8}.Debug|Any CPU.Build.0 = Debug|Any CPU
		{D0D282F0-6E27-4C0C-AE87-986222D33BD8}.Release|Any CPU.ActiveCfg = Release|Any CPU
		{D0D282F0-6E27-4C0C-AE87-986222D33BD8}.Release|Any CPU.Build.0 = Release|Any CPU
		{98BBC26B-D3BE-4849-B089-262B563B3ECB}.Debug|Any CPU.ActiveCfg = Debug|Any CPU
		{98BBC26B-D3BE-4849-B089-262B563B3ECB}.Debug|Any CPU.Build.0 = Debug|Any CPU
		{98BBC26B-D3BE-4849-B089-262B563B3ECB}.Release|Any CPU.ActiveCfg = Release|Any CPU
		{98BBC26B-D3BE-4849-B089-262B563B3ECB}.Release|Any CPU.Build.0 = Release|Any CPU
	EndGlobalSection
	GlobalSection(SolutionProperties) = preSolution
		HideSolutionNode = FALSE
	EndGlobalSection
	GlobalSection(ExtensibilityGlobals) = postSolution
		SolutionGuid = {7D5D1495-A172-465F-811D-4338B0836A88}
	EndGlobalSection
EndGlobal
